// !$*UTF8*$!
{
	archiveVersion = 1;
	classes = {
	};
	objectVersion = 46;
	objects = {

/* Begin PBXBuildFile section */
		EA6AAC301AF8739200ED3A55 /* main.m in Sources */ = {isa = PBXBuildFile; fileRef = EA6AAC2F1AF8739200ED3A55 /* main.m */; };
		EA6AAC331AF8739200ED3A55 /* AppDelegate.m in Sources */ = {isa = PBXBuildFile; fileRef = EA6AAC321AF8739200ED3A55 /* AppDelegate.m */; };
		EA6AAC361AF8739200ED3A55 /* ViewController.m in Sources */ = {isa = PBXBuildFile; fileRef = EA6AAC351AF8739200ED3A55 /* ViewController.m */; };
		EA6AAC391AF8739200ED3A55 /* Main.storyboard in Resources */ = {isa = PBXBuildFile; fileRef = EA6AAC371AF8739200ED3A55 /* Main.storyboard */; };
		EA6AAC3B1AF8739200ED3A55 /* Images.xcassets in Resources */ = {isa = PBXBuildFile; fileRef = EA6AAC3A1AF8739200ED3A55 /* Images.xcassets */; };
		EA6AAC3E1AF8739200ED3A55 /* LaunchScreen.xib in Resources */ = {isa = PBXBuildFile; fileRef = EA6AAC3C1AF8739200ED3A55 /* LaunchScreen.xib */; };
		EA6AAC4A1AF8739200ED3A55 /* biuTests.m in Sources */ = {isa = PBXBuildFile; fileRef = EA6AAC491AF8739200ED3A55 /* biuTests.m */; };
/* End PBXBuildFile section */

/* Begin PBXContainerItemProxy section */
		EA6AAC441AF8739200ED3A55 /* PBXContainerItemProxy */ = {
			isa = PBXContainerItemProxy;
			containerPortal = EA6AAC221AF8739200ED3A55 /* Project object */;
			proxyType = 1;
			remoteGlobalIDString = EA6AAC291AF8739200ED3A55;
			remoteInfo = biu;
		};
/* End PBXContainerItemProxy section */

/* Begin PBXFileReference section */
		EA6AAC2A1AF8739200ED3A55 /* biu.app */ = {isa = PBXFileReference; explicitFileType = wrapper.application; includeInIndex = 0; path = biu.app; sourceTree = BUILT_PRODUCTS_DIR; };
		EA6AAC2E1AF8739200ED3A55 /* Info.plist */ = {isa = PBXFileReference; lastKnownFileType = text.plist.xml; path = Info.plist; sourceTree = "<group>"; };
		EA6AAC2F1AF8739200ED3A55 /* main.m */ = {isa = PBXFileReference; lastKnownFileType = sourcecode.c.objc; path = main.m; sourceTree = "<group>"; };
		EA6AAC311AF8739200ED3A55 /* AppDelegate.h */ = {isa = PBXFileReference; lastKnownFileType = sourcecode.c.h; path = AppDelegate.h; sourceTree = "<group>"; };
		EA6AAC321AF8739200ED3A55 /* AppDelegate.m */ = {isa = PBXFileReference; lastKnownFileType = sourcecode.c.objc; path = AppDelegate.m; sourceTree = "<group>"; };
		EA6AAC341AF8739200ED3A55 /* ViewController.h */ = {isa = PBXFileReference; lastKnownFileType = sourcecode.c.h; path = ViewController.h; sourceTree = "<group>"; };
		EA6AAC351AF8739200ED3A55 /* ViewController.m */ = {isa = PBXFileReference; lastKnownFileType = sourcecode.c.objc; path = ViewController.m; sourceTree = "<group>"; };
		EA6AAC381AF8739200ED3A55 /* Base */ = {isa = PBXFileReference; lastKnownFileType = file.storyboard; name = Base; path = Base.lproj/Main.storyboard; sourceTree = "<group>"; };
		EA6AAC3A1AF8739200ED3A55 /* Images.xcassets */ = {isa = PBXFileReference; lastKnownFileType = folder.assetcatalog; path = Images.xcassets; sourceTree = "<group>"; };
		EA6AAC3D1AF8739200ED3A55 /* Base */ = {isa = PBXFileReference; lastKnownFileType = file.xib; name = Base; path = Base.lproj/LaunchScreen.xib; sourceTree = "<group>"; };
		EA6AAC431AF8739200ED3A55 /* biuTests.xctest */ = {isa = PBXFileReference; explicitFileType = wrapper.cfbundle; includeInIndex = 0; path = biuTests.xctest; sourceTree = BUILT_PRODUCTS_DIR; };
		EA6AAC481AF8739200ED3A55 /* Info.plist */ = {isa = PBXFileReference; lastKnownFileType = text.plist.xml; path = Info.plist; sourceTree = "<group>"; };
		EA6AAC491AF8739200ED3A55 /* biuTests.m */ = {isa = PBXFileReference; lastKnownFileType = sourcecode.c.objc; path = biuTests.m; sourceTree = "<group>"; };
/* End PBXFileReference section */

/* Begin PBXFrameworksBuildPhase section */
		EA6AAC271AF8739200ED3A55 /* Frameworks */ = {
			isa = PBXFrameworksBuildPhase;
			buildActionMask = 2147483647;
			files = (
			);
			runOnlyForDeploymentPostprocessing = 0;
		};
		EA6AAC401AF8739200ED3A55 /* Frameworks */ = {
			isa = PBXFrameworksBuildPhase;
			buildActionMask = 2147483647;
			files = (
			);
			runOnlyForDeploymentPostprocessing = 0;
		};
/* End PBXFrameworksBuildPhase section */

/* Begin PBXGroup section */
		EA6AAC211AF8739200ED3A55 = {
			isa = PBXGroup;
			children = (
				EA6AAC2C1AF8739200ED3A55 /* biu */,
				EA6AAC461AF8739200ED3A55 /* biuTests */,
				EA6AAC2B1AF8739200ED3A55 /* Products */,
			);
			sourceTree = "<group>";
		};
		EA6AAC2B1AF8739200ED3A55 /* Products */ = {
			isa = PBXGroup;
			children = (
				EA6AAC2A1AF8739200ED3A55 /* biu.app */,
				EA6AAC431AF8739200ED3A55 /* biuTests.xctest */,
			);
			name = Products;
			sourceTree = "<group>";
		};
		EA6AAC2C1AF8739200ED3A55 /* biu */ = {
			isa = PBXGroup;
			children = (
				EA6AAC311AF8739200ED3A55 /* AppDelegate.h */,
				EA6AAC321AF8739200ED3A55 /* AppDelegate.m */,
				EA6AAC341AF8739200ED3A55 /* ViewController.h */,
				EA6AAC351AF8739200ED3A55 /* ViewController.m */,
				EA6AAC371AF8739200ED3A55 /* Main.storyboard */,
				EA6AAC3A1AF8739200ED3A55 /* Images.xcassets */,
				EA6AAC3C1AF8739200ED3A55 /* LaunchScreen.xib */,
				EA6AAC2D1AF8739200ED3A55 /* Supporting Files */,
			);
			path = biu;
			sourceTree = "<group>";
		};
		EA6AAC2D1AF8739200ED3A55 /* Supporting Files */ = {
			isa = PBXGroup;
			children = (
				EA6AAC2E1AF8739200ED3A55 /* Info.plist */,
				EA6AAC2F1AF8739200ED3A55 /* main.m */,
			);
			name = "Supporting Files";
			sourceTree = "<group>";
		};
		EA6AAC461AF8739200ED3A55 /* biuTests */ = {
			isa = PBXGroup;
			children = (
				EA6AAC491AF8739200ED3A55 /* biuTests.m */,
				EA6AAC471AF8739200ED3A55 /* Supporting Files */,
			);
			path = biuTests;
			sourceTree = "<group>";
		};
		EA6AAC471AF8739200ED3A55 /* Supporting Files */ = {
			isa = PBXGroup;
			children = (
				EA6AAC481AF8739200ED3A55 /* Info.plist */,
			);
			name = "Supporting Files";
			sourceTree = "<group>";
		};
/* End PBXGroup section */

/* Begin PBXNativeTarget section */
		EA6AAC291AF8739200ED3A55 /* biu */ = {
			isa = PBXNativeTarget;
			buildConfigurationList = EA6AAC4D1AF8739200ED3A55 /* Build configuration list for PBXNativeTarget "biu" */;
			buildPhases = (
				EA6AAC261AF8739200ED3A55 /* Sources */,
				EA6AAC271AF8739200ED3A55 /* Frameworks */,
				EA6AAC281AF8739200ED3A55 /* Resources */,
			);
			buildRules = (
			);
			dependencies = (
			);
			name = biu;
			productName = biu;
			productReference = EA6AAC2A1AF8739200ED3A55 /* biu.app */;
			productType = "com.apple.product-type.application";
		};
		EA6AAC421AF8739200ED3A55 /* biuTests */ = {
			isa = PBXNativeTarget;
			buildConfigurationList = EA6AAC501AF8739200ED3A55 /* Build configuration list for PBXNativeTarget "biuTests" */;
			buildPhases = (
				EA6AAC3F1AF8739200ED3A55 /* Sources */,
				EA6AAC401AF8739200ED3A55 /* Frameworks */,
				EA6AAC411AF8739200ED3A55 /* Resources */,
			);
			buildRules = (
			);
			dependencies = (
				EA6AAC451AF8739200ED3A55 /* PBXTargetDependency */,
			);
			name = biuTests;
			productName = biuTests;
			productReference = EA6AAC431AF8739200ED3A55 /* biuTests.xctest */;
			productType = "com.apple.product-type.bundle.unit-test";
		};
/* End PBXNativeTarget section */

/* Begin PBXProject section */
		EA6AAC221AF8739200ED3A55 /* Project object */ = {
			isa = PBXProject;
			attributes = {
				LastUpgradeCheck = 0630;
				ORGANIZATIONNAME = BiuLove;
				TargetAttributes = {
					EA6AAC291AF8739200ED3A55 = {
						CreatedOnToolsVersion = 6.3.1;
					};
					EA6AAC421AF8739200ED3A55 = {
						CreatedOnToolsVersion = 6.3.1;
						TestTargetID = EA6AAC291AF8739200ED3A55;
					};
				};
			};
			buildConfigurationList = EA6AAC251AF8739200ED3A55 /* Build configuration list for PBXProject "biu" */;
			compatibilityVersion = "Xcode 3.2";
			developmentRegion = English;
			hasScannedForEncodings = 0;
			knownRegions = (
				en,
				Base,
			);
			mainGroup = EA6AAC211AF8739200ED3A55;
			productRefGroup = EA6AAC2B1AF8739200ED3A55 /* Products */;
			projectDirPath = "";
			projectRoot = "";
			targets = (
				EA6AAC291AF8739200ED3A55 /* biu */,
				EA6AAC421AF8739200ED3A55 /* biuTests */,
			);
		};
/* End PBXProject section */

/* Begin PBXResourcesBuildPhase section */
		EA6AAC281AF8739200ED3A55 /* Resources */ = {
			isa = PBXResourcesBuildPhase;
			buildActionMask = 2147483647;
			files = (
				EA6AAC391AF8739200ED3A55 /* Main.storyboard in Resources */,
				EA6AAC3E1AF8739200ED3A55 /* LaunchScreen.xib in Resources */,
				EA6AAC3B1AF8739200ED3A55 /* Images.xcassets in Resources */,
			);
			runOnlyForDeploymentPostprocessing = 0;
		};
		EA6AAC411AF8739200ED3A55 /* Resources */ = {
			isa = PBXResourcesBuildPhase;
			buildActionMask = 2147483647;
			files = (
			);
			runOnlyForDeploymentPostprocessing = 0;
		};
/* End PBXResourcesBuildPhase section */

/* Begin PBXSourcesBuildPhase section */
		EA6AAC261AF8739200ED3A55 /* Sources */ = {
			isa = PBXSourcesBuildPhase;
			buildActionMask = 2147483647;
			files = (
				EA6AAC361AF8739200ED3A55 /* ViewController.m in Sources */,
				EA6AAC331AF8739200ED3A55 /* AppDelegate.m in Sources */,
				EA6AAC301AF8739200ED3A55 /* main.m in Sources */,
			);
			runOnlyForDeploymentPostprocessing = 0;
		};
		EA6AAC3F1AF8739200ED3A55 /* Sources */ = {
			isa = PBXSourcesBuildPhase;
			buildActionMask = 2147483647;
			files = (
				EA6AAC4A1AF8739200ED3A55 /* biuTests.m in Sources */,
			);
			runOnlyForDeploymentPostprocessing = 0;
		};
/* End PBXSourcesBuildPhase section */

/* Begin PBXTargetDependency section */
		EA6AAC451AF8739200ED3A55 /* PBXTargetDependency */ = {
			isa = PBXTargetDependency;
			target = EA6AAC291AF8739200ED3A55 /* biu */;
			targetProxy = EA6AAC441AF8739200ED3A55 /* PBXContainerItemProxy */;
		};
/* End PBXTargetDependency section */

/* Begin PBXVariantGroup section */
		EA6AAC371AF8739200ED3A55 /* Main.storyboard */ = {
			isa = PBXVariantGroup;
			children = (
				EA6AAC381AF8739200ED3A55 /* Base */,
			);
			name = Main.storyboard;
			sourceTree = "<group>";
		};
		EA6AAC3C1AF8739200ED3A55 /* LaunchScreen.xib */ = {
			isa = PBXVariantGroup;
			children = (
				EA6AAC3D1AF8739200ED3A55 /* Base */,
			);
			name = LaunchScreen.xib;
			sourceTree = "<group>";
		};
/* End PBXVariantGroup section */

/* Begin XCBuildConfiguration section */
		EA6AAC4B1AF8739200ED3A55 /* Debug */ = {
			isa = XCBuildConfiguration;
			buildSettings = {
				ALWAYS_SEARCH_USER_PATHS = NO;
				CLANG_CXX_LANGUAGE_STANDARD = "gnu++0x";
				CLANG_CXX_LIBRARY = "libc++";
				CLANG_ENABLE_MODULES = YES;
				CLANG_ENABLE_OBJC_ARC = YES;
				CLANG_WARN_BOOL_CONVERSION = YES;
				CLANG_WARN_CONSTANT_CONVERSION = YES;
				CLANG_WARN_DIRECT_OBJC_ISA_USAGE = YES_ERROR;
				CLANG_WARN_EMPTY_BODY = YES;
				CLANG_WARN_ENUM_CONVERSION = YES;
				CLANG_WARN_INT_CONVERSION = YES;
				CLANG_WARN_OBJC_ROOT_CLASS = YES_ERROR;
				CLANG_WARN_UNREACHABLE_CODE = YES;
				CLANG_WARN__DUPLICATE_METHOD_MATCH = YES;
				"CODE_SIGN_IDENTITY[sdk=iphoneos*]" = "iPhone Developer";
				COPY_PHASE_STRIP = NO;
				DEBUG_INFORMATION_FORMAT = "dwarf-with-dsym";
				ENABLE_STRICT_OBJC_MSGSEND = YES;
				GCC_C_LANGUAGE_STANDARD = gnu99;
				GCC_DYNAMIC_NO_PIC = NO;
				GCC_NO_COMMON_BLOCKS = YES;
				GCC_OPTIMIZATION_LEVEL = 0;
				GCC_PREPROCESSOR_DEFINITIONS = (
					"DEBUG=1",
					"$(inherited)",
				);
				GCC_SYMBOLS_PRIVATE_EXTERN = NO;
				GCC_WARN_64_TO_32_BIT_CONVERSION = YES;
				GCC_WARN_ABOUT_RETURN_TYPE = YES_ERROR;
				GCC_WARN_UNDECLARED_SELECTOR = YES;
				GCC_WARN_UNINITIALIZED_AUTOS = YES_AGGRESSIVE;
				GCC_WARN_UNUSED_FUNCTION = YES;
				GCC_WARN_UNUSED_VARIABLE = YES;
				IPHONEOS_DEPLOYMENT_TARGET = 8.3;
				MTL_ENABLE_DEBUG_INFO = YES;
				ONLY_ACTIVE_ARCH = YES;
				SDKROOT = iphoneos;
			};
			name = Debug;
		};
		EA6AAC4C1AF8739200ED3A55 /* Release */ = {
			isa = XCBuildConfiguration;
			buildSettings = {
				ALWAYS_SEARCH_USER_PATHS = NO;
				CLANG_CXX_LANGUAGE_STANDARD = "gnu++0x";
				CLANG_CXX_LIBRARY = "libc++";
				CLANG_ENABLE_MODULES = YES;
				CLANG_ENABLE_OBJC_ARC = YES;
				CLANG_WARN_BOOL_CONVERSION = YES;
				CLANG_WARN_CONSTANT_CONVERSION = YES;
				CLANG_WARN_DIRECT_OBJC_ISA_USAGE = YES_ERROR;
				CLANG_WARN_EMPTY_BODY = YES;
				CLANG_WARN_ENUM_CONVERSION = YES;
				CLANG_WARN_INT_CONVERSION = YES;
				CLANG_WARN_OBJC_ROOT_CLASS = YES_ERROR;
				CLANG_WARN_UNREACHABLE_CODE = YES;
				CLANG_WARN__DUPLICATE_METHOD_MATCH = YES;
				"CODE_SIGN_IDENTITY[sdk=iphoneos*]" = "iPhone Developer";
				COPY_PHASE_STRIP = NO;
				DEBUG_INFORMATION_FORMAT = "dwarf-with-dsym";
				ENABLE_NS_ASSERTIONS = NO;
				ENABLE_STRICT_OBJC_MSGSEND = YES;
				GCC_C_LANGUAGE_STANDARD = gnu99;
				GCC_NO_COMMON_BLOCKS = YES;
				GCC_WARN_64_TO_32_BIT_CONVERSION = YES;
				GCC_WARN_ABOUT_RETURN_TYPE = YES_ERROR;
				GCC_WARN_UNDECLARED_SELECTOR = YES;
				GCC_WARN_UNINITIALIZED_AUTOS = YES_AGGRESSIVE;
				GCC_WARN_UNUSED_FUNCTION = YES;
				GCC_WARN_UNUSED_VARIABLE = YES;
				IPHONEOS_DEPLOYMENT_TARGET = 8.3;
				MTL_ENABLE_DEBUG_INFO = NO;
				SDKROOT = iphoneos;
				VALIDATE_PRODUCT = YES;
			};
			name = Release;
		};
		EA6AAC4E1AF8739200ED3A55 /* Debug */ = {
			isa = XCBuildConfiguration;
			buildSettings = {
				ASSETCATALOG_COMPILER_APPICON_NAME = AppIcon;
				INFOPLIST_FILE = biu/Info.plist;
				LD_RUNPATH_SEARCH_PATHS = "$(inherited) @executable_path/Frameworks";
				PRODUCT_NAME = "$(TARGET_NAME)";
			};
			name = Debug;
		};
		EA6AAC4F1AF8739200ED3A55 /* Release */ = {
			isa = XCBuildConfiguration;
			buildSettings = {
				ASSETCATALOG_COMPILER_APPICON_NAME = AppIcon;
				INFOPLIST_FILE = biu/Info.plist;
				LD_RUNPATH_SEARCH_PATHS = "$(inherited) @executable_path/Frameworks";
				PRODUCT_NAME = "$(TARGET_NAME)";
			};
			name = Release;
		};
		EA6AAC511AF8739200ED3A55 /* Debug */ = {
			isa = XCBuildConfiguration;
			buildSettings = {
				BUNDLE_LOADER = "$(TEST_HOST)";
				FRAMEWORK_SEARCH_PATHS = (
					"$(SDKROOT)/Developer/Library/Frameworks",
					"$(inherited)",
				);
				GCC_PREPROCESSOR_DEFINITIONS = (
					"DEBUG=1",
					"$(inherited)",
				);
				INFOPLIST_FILE = biuTests/Info.plist;
				LD_RUNPATH_SEARCH_PATHS = "$(inherited) @executable_path/Frameworks @loader_path/Frameworks";
				PRODUCT_NAME = "$(TARGET_NAME)";
				TEST_HOST = "$(BUILT_PRODUCTS_DIR)/biu.app/biu";
			};
			name = Debug;
		};
		EA6AAC521AF8739200ED3A55 /* Release */ = {
			isa = XCBuildConfiguration;
			buildSettings = {
				BUNDLE_LOADER = "$(TEST_HOST)";
				FRAMEWORK_SEARCH_PATHS = (
					"$(SDKROOT)/Developer/Library/Frameworks",
					"$(inherited)",
				);
				INFOPLIST_FILE = biuTests/Info.plist;
				LD_RUNPATH_SEARCH_PATHS = "$(inherited) @executable_path/Frameworks @loader_path/Frameworks";
				PRODUCT_NAME = "$(TARGET_NAME)";
				TEST_HOST = "$(BUILT_PRODUCTS_DIR)/biu.app/biu";
			};
			name = Release;
		};
/* End XCBuildConfiguration section */

/* Begin XCConfigurationList section */
		EA6AAC251AF8739200ED3A55 /* Build configuration list for PBXProject "biu" */ = {
			isa = XCConfigurationList;
			buildConfigurations = (
				EA6AAC4B1AF8739200ED3A55 /* Debug */,
				EA6AAC4C1AF8739200ED3A55 /* Release */,
			);
			defaultConfigurationIsVisible = 0;
			defaultConfigurationName = Release;
		};
		EA6AAC4D1AF8739200ED3A55 /* Build configuration list for PBXNativeTarget "biu" */ = {
			isa = XCConfigurationList;
			buildConfigurations = (
				EA6AAC4E1AF8739200ED3A55 /* Debug */,
				EA6AAC4F1AF8739200ED3A55 /* Release */,
			);
			defaultConfigurationIsVisible = 0;
		};
		EA6AAC501AF8739200ED3A55 /* Build configuration list for PBXNativeTarget "biuTests" */ = {
			isa = XCConfigurationList;
			buildConfigurations = (
				EA6AAC511AF8739200ED3A55 /* Debug */,
				EA6AAC521AF8739200ED3A55 /* Release */,
			);
			defaultConfigurationIsVisible = 0;
		};
/* End XCConfigurationList section */
	};
	rootObject = EA6AAC221AF8739200ED3A55 /* Project object */;
}
